
Microsoft Visual Studio Solution File, Format Version 12.00
# Visual Studio 2013
Project("{FAE04EC0-301F-11D3-BF4B-00C04F79EFBC}") = "WebServer", "WebServer/WebServer.csproj", "{5A8E2BFF-C6F8-DF75-0F37-911B7BE0BDCA}"
EndProject
Project("{FAE04EC0-301F-11D3-BF4B-00C04F79EFBC}") = "TestServer", "TestServer/TestServer.csproj", "{BC99344A-A851-7697-1159-4FF3FD2F1188}"
	ProjectSection(ProjectDependencies) = postProject
		{5A8E2BFF-C6F8-DF75-0F37-911B7BE0BDCA} = {5A8E2BFF-C6F8-DF75-0F37-911B7BE0BDCA}
	EndProjectSection
EndProject
Global
	GlobalSection(SolutionConfigurationPlatforms) = preSolution
		Debug|Any CPU = Debug|Any CPU
		Release|Any CPU = Release|Any CPU
	EndGlobalSection
	GlobalSection(ProjectConfigurationPlatforms) = postSolution
		{5A8E2BFF-C6F8-DF75-0F37-911B7BE0BDCA}.Debug|Any CPU.ActiveCfg = Debug|Any CPU
		{5A8E2BFF-C6F8-DF75-0F37-911B7BE0BDCA}.Debug|Any CPU.Build.0 = Debug|Any CPU
		{5A8E2BFF-C6F8-DF75-0F37-911B7BE0BDCA}.Release|Any CPU.ActiveCfg = Release|Any CPU
		{5A8E2BFF-C6F8-DF75-0F37-911B7BE0BDCA}.Release|Any CPU.Build.0 = Release|Any CPU
		{BC99344A-A851-7697-1159-4FF3FD2F1188}.Debug|Any CPU.ActiveCfg = Debug|Any CPU
		{BC99344A-A851-7697-1159-4FF3FD2F1188}.Debug|Any CPU.Build.0 = Debug|Any CPU
		{BC99344A-A851-7697-1159-4FF3FD2F1188}.Release|Any CPU.ActiveCfg = Release|Any CPU
		{BC99344A-A851-7697-1159-4FF3FD2F1188}.Release|Any CPU.Build.0 = Release|Any CPU
	EndGlobalSection
	GlobalSection(SolutionProperties) = preSolution
		HideSolutionNode = FALSE
	EndGlobalSection
EndGlobal
